
Microsoft Visual Studio Solution File, Format Version 12.00
# Visual Studio Version 17
VisualStudioVersion = 17.1.32414.318
MinimumVisualStudioVersion = 10.0.40219.1
Project("{9A19103F-16F7-4668-BE54-9A1E7A4F7556}") = "AmazingKanban.Server", "AmazingKanban\Server\AmazingKanban.Server.csproj", "{C8BCC95F-3DD5-4CDE-A298-9BFE2BC88573}"
EndProject
Project("{9A19103F-16F7-4668-BE54-9A1E7A4F7556}") = "AmazingKanban.Client", "AmazingKanban\Client\AmazingKanban.Client.csproj", "{376B266B-A205-403F-81E0-F92446282DC7}"
EndProject
Project("{9A19103F-16F7-4668-BE54-9A1E7A4F7556}") = "AmazingKanban.Shared", "AmazingKanban\Shared\AmazingKanban.Shared.csproj", "{B3120922-9199-42DE-9935-7D72312F454E}"
EndProject
Global
	GlobalSection(SolutionConfigurationPlatforms) = preSolution
		Debug|Any CPU = Debug|Any CPU
		Release|Any CPU = Release|Any CPU
	EndGlobalSection
	GlobalSection(ProjectConfigurationPlatforms) = postSolution
		{C8BCC95F-3DD5-4CDE-A298-9BFE2BC88573}.Debug|Any CPU.ActiveCfg = Debug|Any CPU
		{C8BCC95F-3DD5-4CDE-A298-9BFE2BC88573}.Debug|Any CPU.Build.0 = Debug|Any CPU
		{C8BCC95F-3DD5-4CDE-A298-9BFE2BC88573}.Release|Any CPU.ActiveCfg = Release|Any CPU
		{C8BCC95F-3DD5-4CDE-A298-9BFE2BC88573}.Release|Any CPU.Build.0 = Release|Any CPU
		{376B266B-A205-403F-81E0-F92446282DC7}.Debug|Any CPU.ActiveCfg = Debug|Any CPU
		{376B266B-A205-403F-81E0-F92446282DC7}.Debug|Any CPU.Build.0 = Debug|Any CPU
		{376B266B-A205-403F-81E0-F92446282DC7}.Release|Any CPU.ActiveCfg = Release|Any CPU
		{376B266B-A205-403F-81E0-F92446282DC7}.Release|Any CPU.Build.0 = Release|Any CPU
		{B3120922-9199-42DE-9935-7D72312F454E}.Debug|Any CPU.ActiveCfg = Debug|Any CPU
		{B3120922-9199-42DE-9935-7D72312F454E}.Debug|Any CPU.Build.0 = Debug|Any CPU
		{B3120922-9199-42DE-9935-7D72312F454E}.Release|Any CPU.ActiveCfg = Release|Any CPU
		{B3120922-9199-42DE-9935-7D72312F454E}.Release|Any CPU.Build.0 = Release|Any CPU
	EndGlobalSection
	GlobalSection(SolutionProperties) = preSolution
		HideSolutionNode = FALSE
	EndGlobalSection
	GlobalSection(ExtensibilityGlobals) = postSolution
		SolutionGuid = {1D39664F-0420-491F-99B5-3AB9C5CA9E69}
	EndGlobalSection
EndGlobal
